
Microsoft Visual Studio Solution File, Format Version 12.00
# Visual Studio Version 17
VisualStudioVersion = 17.0.31919.166
MinimumVisualStudioVersion = 10.0.40219.1
Project("{FAE04EC0-301F-11D3-BF4B-00C04F79EFBC}") = "ModsShop", "ModsShop\ModsShop.csproj", "{2CEAE666-CBA5-4FA6-AEE3-D6C5CFB2DE20}"
EndProject
Global
	GlobalSection(SolutionConfigurationPlatforms) = preSolution
		Debug|Any CPU = Debug|Any CPU
		Mini|Any CPU = Mini|Any CPU
		Release|Any CPU = Release|Any CPU
	EndGlobalSection
	GlobalSection(ProjectConfigurationPlatforms) = postSolution
		{2CEAE666-CBA5-4FA6-AEE3-D6C5CFB2DE20}.Debug|Any CPU.ActiveCfg = Debug|Any CPU
		{2CEAE666-CBA5-4FA6-AEE3-D6C5CFB2DE20}.Debug|Any CPU.Build.0 = Debug|Any CPU
		{2CEAE666-CBA5-4FA6-AEE3-D6C5CFB2DE20}.Mini|Any CPU.ActiveCfg = Mini|Any CPU
		{2CEAE666-CBA5-4FA6-AEE3-D6C5CFB2DE20}.Mini|Any CPU.Build.0 = Mini|Any CPU
		{2CEAE666-CBA5-4FA6-AEE3-D6C5CFB2DE20}.Release|Any CPU.ActiveCfg = Release|Any CPU
		{2CEAE666-CBA5-4FA6-AEE3-D6C5CFB2DE20}.Release|Any CPU.Build.0 = Release|Any CPU
	EndGlobalSection
	GlobalSection(SolutionProperties) = preSolution
		HideSolutionNode = FALSE
	EndGlobalSection
	GlobalSection(ExtensibilityGlobals) = postSolution
		SolutionGuid = {F3756F02-B3A7-4217-8B5E-E8516A6BEF75}
	EndGlobalSection
EndGlobal
